Microsoft Visual Studio Solution File, Format Version 12.00
# Visual Studio Version 17
VisualStudioVersion = 17.2.32630.192
MinimumVisualStudioVersion = 10.0.40219.1
Project("{2150E333-8FDC-42A3-9474-1A3956D46DE8}") = "Solution Items", "Solution Items", "{9695FC1C-6D7C-4FE8-A47B-0D35F0A6649D}"
	ProjectSection(SolutionItems) = preProject
		.editorconfig = .editorconfig
	EndProjectSection
EndProject
Project("{2150E333-8FDC-42A3-9474-1A3956D46DE8}") = "Tests", "Tests", "{244B7A5A-6740-4EE8-BCA3-5484C9DDF56A}"
EndProject
Project("{9A19103F-16F7-4668-BE54-9A1E7A4F7556}") = "Boxfusion.SheshaFunctionalTests.Web.Host", "src\Boxfusion.SheshaFunctionalTests.Web.Host\Boxfusion.SheshaFunctionalTests.Web.Host.csproj", "{AE6EA4DF-D39B-45C9-90AB-DE4BD9C0665B}"
EndProject
Project("{9A19103F-16F7-4668-BE54-9A1E7A4F7556}") = "Boxfusion.SheshaFunctionalTests.Web.Core", "src\Boxfusion.SheshaFunctionalTests.Web.Core\Boxfusion.SheshaFunctionalTests.Web.Core.csproj", "{3AC22D01-68A6-48DC-8A71-F0EB8A253DF2}"
EndProject
Project("{9A19103F-16F7-4668-BE54-9A1E7A4F7556}") = "Boxfusion.SheshaFunctionalTests.Common.Domain.Tests", "test\Boxfusion.SheshaFunctionalTests.Common.Domain.Tests\Boxfusion.SheshaFunctionalTests.Common.Domain.Tests.csproj", "{1E3B0FB7-94E8-48AD-83AC-17EABA2EA5D1}"
EndProject
Project("{9A19103F-16F7-4668-BE54-9A1E7A4F7556}") = "Boxfusion.SheshaFunctionalTests.Common.Domain", "src\Module\Boxfusion.SheshaFunctionalTests.Common.Domain\Boxfusion.SheshaFunctionalTests.Common.Domain.csproj", "{3ACD8E57-C6DA-483E-BC14-1FE0934BFC35}"
EndProject
Project("{9A19103F-16F7-4668-BE54-9A1E7A4F7556}") = "Boxfusion.SheshaFunctionalTests.Common.Application", "src\Boxfusion.SheshaFunctionalTests.Common.Application\Boxfusion.SheshaFunctionalTests.Common.Application.csproj", "{58F8D60C-7A1E-4542-BAC5-C4852E5E764D}"
EndProject
Project("{2150E333-8FDC-42A3-9474-1A3956D46DE8}") = "shesha-core", "shesha-core", "{75540715-92AC-4551-9DCE-F71CF71009E3}"
EndProject
Project("{9A19103F-16F7-4668-BE54-9A1E7A4F7556}") = "Shesha.Application", "..\..\shesha-core\src\Shesha.Application\Shesha.Application.csproj", "{B024575E-742F-4253-A2E7-A1959DCE52BC}"
EndProject
Project("{9A19103F-16F7-4668-BE54-9A1E7A4F7556}") = "Shesha.Core", "..\..\shesha-core\src\Shesha.Core\Shesha.Core.csproj", "{07310DDD-41BB-41B7-9A32-D8CED5DD2FAB}"
EndProject
Project("{9A19103F-16F7-4668-BE54-9A1E7A4F7556}") = "Shesha.Elmah", "..\..\shesha-core\src\Shesha.Elmah\Shesha.Elmah.csproj", "{8279702B-6EBD-4423-9AE0-BA204163DDB7}"
EndProject
Project("{9A19103F-16F7-4668-BE54-9A1E7A4F7556}") = "Shesha.FluentMigrator", "..\..\shesha-core\src\Shesha.FluentMigrator\Shesha.FluentMigrator.csproj", "{4A5BAA53-37E4-4605-ADF0-05FCDD48DE8A}"
EndProject
Project("{9A19103F-16F7-4668-BE54-9A1E7A4F7556}") = "Shesha.Framework", "..\..\shesha-core\src\Shesha.Framework\Shesha.Framework.csproj", "{1F039065-631A-483C-A4F0-BCC4278E5605}"
EndProject
Project("{9A19103F-16F7-4668-BE54-9A1E7A4F7556}") = "Shesha.GraphQL", "..\..\shesha-core\src\Shesha.GraphQL\Shesha.GraphQL.csproj", "{FC3EB4C1-50E0-4AB6-8D5E-E4400B4373F2}"
EndProject
Project("{9A19103F-16F7-4668-BE54-9A1E7A4F7556}") = "Shesha.Import", "..\..\shesha-core\src\Shesha.Import\Shesha.Import.csproj", "{9A5EF9E3-CE52-4724-BE4C-16E990498824}"
EndProject
Project("{9A19103F-16F7-4668-BE54-9A1E7A4F7556}") = "Shesha.MongoRepository", "..\..\shesha-core\src\Shesha.MongoRepository\Shesha.MongoRepository.csproj", "{B9196FE2-B4F4-4559-ABE6-B9719718CEB2}"
EndProject
Project("{9A19103F-16F7-4668-BE54-9A1E7A4F7556}") = "Shesha.NHibernate", "..\..\shesha-core\src\Shesha.NHibernate\Shesha.NHibernate.csproj", "{B15CFDF1-22A4-40ED-AC28-CF42E4E52373}"
EndProject
Project("{9A19103F-16F7-4668-BE54-9A1E7A4F7556}") = "Shesha.RestSharp", "..\..\shesha-core\src\Shesha.RestSharp\Shesha.RestSharp.csproj", "{7B2B886C-2E8B-429B-BDD6-BA637042C36C}"
EndProject
Project("{9A19103F-16F7-4668-BE54-9A1E7A4F7556}") = "Shesha.Scheduler", "..\..\shesha-core\src\Shesha.Scheduler\Shesha.Scheduler.csproj", "{11DC6773-299A-4133-8759-9B79F376184E}"
EndProject
Project("{9A19103F-16F7-4668-BE54-9A1E7A4F7556}") = "Shesha.Sms.Clickatell", "..\..\shesha-core\src\Shesha.Sms.Clickatell\Shesha.Sms.Clickatell.csproj", "{C9CA7FC3-205A-46D5-A119-A502389B374E}"
EndProject
Project("{9A19103F-16F7-4668-BE54-9A1E7A4F7556}") = "Shesha.Web.Core", "..\..\shesha-core\src\Shesha.Web.Core\Shesha.Web.Core.csproj", "{38B117AE-F27F-4F8A-B61D-2FC4D35140BC}"
EndProject
Project("{9A19103F-16F7-4668-BE54-9A1E7A4F7556}") = "Shesha.Web.FormsDesigner", "..\..\shesha-core\src\Shesha.Web.FormsDesigner\Shesha.Web.FormsDesigner.csproj", "{38A577E9-B2AE-4C5F-A8B7-2D85C9586CE6}"
EndProject
Project("{9A19103F-16F7-4668-BE54-9A1E7A4F7556}") = "Shesha.NHibernate.PostGis", "..\..\shesha-core\src\Shesha.NHibernate.PostGis\Shesha.NHibernate.PostGis.csproj", "{D12CD226-224B-40CA-9F71-CF6F69AB79FB}"
EndProject
Project("{9A19103F-16F7-4668-BE54-9A1E7A4F7556}") = "Shesha.Common", "..\..\shesha-core\src\Shesha.Common\Shesha.Common.csproj", "{C12285C5-3DCC-49A4-9D40-321AB4386E73}"
EndProject
Project("{9A19103F-16F7-4668-BE54-9A1E7A4F7556}") = "Shesha.Tests", "..\..\shesha-core\test\Shesha.Tests\Shesha.Tests.csproj", "{5C0BEB31-7CAB-4DBF-8F27-9BDCF5AC9E65}"
EndProject
Project("{9A19103F-16F7-4668-BE54-9A1E7A4F7556}") = "Boxfusion.SheshaFunctionalTests.ModuleA", "src\Module\Boxfusion.SheshaFunctionalTests.ModuleA\Boxfusion.SheshaFunctionalTests.ModuleA.csproj", "{095A8273-0E32-4782-9A8D-047290D2B8C7}"
EndProject
Project("{9A19103F-16F7-4668-BE54-9A1E7A4F7556}") = "Boxfusion.SheshaFunctionalTests.ModuleB", "src\Module\Boxfusion.SheshaFunctionalTests.ModuleB\Boxfusion.SheshaFunctionalTests.ModuleB.csproj", "{3090C6DE-A928-448D-A9C6-355142D27213}"
EndProject
Project("{9A19103F-16F7-4668-BE54-9A1E7A4F7556}") = "Shesha.Tests.ModuleA", "..\..\shesha-core\test\Shesha.Tests.ModuleA\Shesha.Tests.ModuleA.csproj", "{54AF3A7B-FAED-42DF-8560-1045141E8B17}"
EndProject
Project("{9A19103F-16F7-4668-BE54-9A1E7A4F7556}") = "Shesha.Tests.ModuleB", "..\..\shesha-core\test\Shesha.Tests.ModuleB\Shesha.Tests.ModuleB.csproj", "{BF46801F-B5F5-490A-BDF1-1474EF2240F5}"
EndProject
Project("{FAE04EC0-301F-11D3-BF4B-00C04F79EFBC}") = "Boxfusion.SheshaFunctionalTest.DisabledModule", "src\Module\Boxfusion.SheshaFunctionalTests.DisabledModule\Boxfusion.SheshaFunctionalTest.DisabledModule.csproj", "{D456D00C-4A9C-4380-9F16-B05645A69EDB}"
EndProject
Global
	GlobalSection(SolutionConfigurationPlatforms) = preSolution
		Debug|Any CPU = Debug|Any CPU
		DebugLocalShesha|Any CPU = DebugLocalShesha|Any CPU
		Release|Any CPU = Release|Any CPU
	EndGlobalSection
	GlobalSection(ProjectConfigurationPlatforms) = postSolution
		{AE6EA4DF-D39B-45C9-90AB-DE4BD9C0665B}.Debug|Any CPU.ActiveCfg = Debug|Any CPU
		{AE6EA4DF-D39B-45C9-90AB-DE4BD9C0665B}.Debug|Any CPU.Build.0 = Debug|Any CPU
		{AE6EA4DF-D39B-45C9-90AB-DE4BD9C0665B}.DebugLocalShesha|Any CPU.ActiveCfg = Debug|Any CPU
		{AE6EA4DF-D39B-45C9-90AB-DE4BD9C0665B}.DebugLocalShesha|Any CPU.Build.0 = Debug|Any CPU
		{AE6EA4DF-D39B-45C9-90AB-DE4BD9C0665B}.Release|Any CPU.ActiveCfg = Release|Any CPU
		{AE6EA4DF-D39B-45C9-90AB-DE4BD9C0665B}.Release|Any CPU.Build.0 = Release|Any CPU
		{3AC22D01-68A6-48DC-8A71-F0EB8A253DF2}.Debug|Any CPU.ActiveCfg = Debug|Any CPU
		{3AC22D01-68A6-48DC-8A71-F0EB8A253DF2}.Debug|Any CPU.Build.0 = Debug|Any CPU
		{3AC22D01-68A6-48DC-8A71-F0EB8A253DF2}.DebugLocalShesha|Any CPU.ActiveCfg = Debug|Any CPU
		{3AC22D01-68A6-48DC-8A71-F0EB8A253DF2}.DebugLocalShesha|Any CPU.Build.0 = Debug|Any CPU
		{3AC22D01-68A6-48DC-8A71-F0EB8A253DF2}.Release|Any CPU.ActiveCfg = Release|Any CPU
		{3AC22D01-68A6-48DC-8A71-F0EB8A253DF2}.Release|Any CPU.Build.0 = Release|Any CPU
		{1E3B0FB7-94E8-48AD-83AC-17EABA2EA5D1}.Debug|Any CPU.ActiveCfg = Debug|Any CPU
		{1E3B0FB7-94E8-48AD-83AC-17EABA2EA5D1}.Debug|Any CPU.Build.0 = Debug|Any CPU
		{1E3B0FB7-94E8-48AD-83AC-17EABA2EA5D1}.DebugLocalShesha|Any CPU.ActiveCfg = Debug|Any CPU
		{1E3B0FB7-94E8-48AD-83AC-17EABA2EA5D1}.DebugLocalShesha|Any CPU.Build.0 = Debug|Any CPU
		{1E3B0FB7-94E8-48AD-83AC-17EABA2EA5D1}.Release|Any CPU.ActiveCfg = Release|Any CPU
		{1E3B0FB7-94E8-48AD-83AC-17EABA2EA5D1}.Release|Any CPU.Build.0 = Release|Any CPU
		{3ACD8E57-C6DA-483E-BC14-1FE0934BFC35}.Debug|Any CPU.ActiveCfg = Debug|Any CPU
		{3ACD8E57-C6DA-483E-BC14-1FE0934BFC35}.Debug|Any CPU.Build.0 = Debug|Any CPU
		{3ACD8E57-C6DA-483E-BC14-1FE0934BFC35}.DebugLocalShesha|Any CPU.ActiveCfg = Debug|Any CPU
		{3ACD8E57-C6DA-483E-BC14-1FE0934BFC35}.DebugLocalShesha|Any CPU.Build.0 = Debug|Any CPU
		{3ACD8E57-C6DA-483E-BC14-1FE0934BFC35}.Release|Any CPU.ActiveCfg = Release|Any CPU
		{3ACD8E57-C6DA-483E-BC14-1FE0934BFC35}.Release|Any CPU.Build.0 = Release|Any CPU
		{58F8D60C-7A1E-4542-BAC5-C4852E5E764D}.Debug|Any CPU.ActiveCfg = Debug|Any CPU
		{58F8D60C-7A1E-4542-BAC5-C4852E5E764D}.Debug|Any CPU.Build.0 = Debug|Any CPU
		{58F8D60C-7A1E-4542-BAC5-C4852E5E764D}.DebugLocalShesha|Any CPU.ActiveCfg = Debug|Any CPU
		{58F8D60C-7A1E-4542-BAC5-C4852E5E764D}.DebugLocalShesha|Any CPU.Build.0 = Debug|Any CPU
		{58F8D60C-7A1E-4542-BAC5-C4852E5E764D}.Release|Any CPU.ActiveCfg = Release|Any CPU
		{58F8D60C-7A1E-4542-BAC5-C4852E5E764D}.Release|Any CPU.Build.0 = Release|Any CPU
		{B024575E-742F-4253-A2E7-A1959DCE52BC}.Debug|Any CPU.ActiveCfg = Debug|Any CPU
		{B024575E-742F-4253-A2E7-A1959DCE52BC}.Debug|Any CPU.Build.0 = Debug|Any CPU
		{B024575E-742F-4253-A2E7-A1959DCE52BC}.DebugLocalShesha|Any CPU.ActiveCfg = Debug|Any CPU
		{B024575E-742F-4253-A2E7-A1959DCE52BC}.DebugLocalShesha|Any CPU.Build.0 = Debug|Any CPU
		{B024575E-742F-4253-A2E7-A1959DCE52BC}.Release|Any CPU.ActiveCfg = Release|Any CPU
		{B024575E-742F-4253-A2E7-A1959DCE52BC}.Release|Any CPU.Build.0 = Release|Any CPU
		{07310DDD-41BB-41B7-9A32-D8CED5DD2FAB}.Debug|Any CPU.ActiveCfg = Debug|Any CPU
		{07310DDD-41BB-41B7-9A32-D8CED5DD2FAB}.Debug|Any CPU.Build.0 = Debug|Any CPU
		{07310DDD-41BB-41B7-9A32-D8CED5DD2FAB}.DebugLocalShesha|Any CPU.ActiveCfg = Debug|Any CPU
		{07310DDD-41BB-41B7-9A32-D8CED5DD2FAB}.DebugLocalShesha|Any CPU.Build.0 = Debug|Any CPU
		{07310DDD-41BB-41B7-9A32-D8CED5DD2FAB}.Release|Any CPU.ActiveCfg = Release|Any CPU
		{07310DDD-41BB-41B7-9A32-D8CED5DD2FAB}.Release|Any CPU.Build.0 = Release|Any CPU
		{8279702B-6EBD-4423-9AE0-BA204163DDB7}.Debug|Any CPU.ActiveCfg = Debug|Any CPU
		{8279702B-6EBD-4423-9AE0-BA204163DDB7}.Debug|Any CPU.Build.0 = Debug|Any CPU
		{8279702B-6EBD-4423-9AE0-BA204163DDB7}.DebugLocalShesha|Any CPU.ActiveCfg = Debug|Any CPU
		{8279702B-6EBD-4423-9AE0-BA204163DDB7}.DebugLocalShesha|Any CPU.Build.0 = Debug|Any CPU
		{8279702B-6EBD-4423-9AE0-BA204163DDB7}.Release|Any CPU.ActiveCfg = Release|Any CPU
		{8279702B-6EBD-4423-9AE0-BA204163DDB7}.Release|Any CPU.Build.0 = Release|Any CPU
		{4A5BAA53-37E4-4605-ADF0-05FCDD48DE8A}.Debug|Any CPU.ActiveCfg = Debug|Any CPU
		{4A5BAA53-37E4-4605-ADF0-05FCDD48DE8A}.Debug|Any CPU.Build.0 = Debug|Any CPU
		{4A5BAA53-37E4-4605-ADF0-05FCDD48DE8A}.DebugLocalShesha|Any CPU.ActiveCfg = Debug|Any CPU
		{4A5BAA53-37E4-4605-ADF0-05FCDD48DE8A}.DebugLocalShesha|Any CPU.Build.0 = Debug|Any CPU
		{4A5BAA53-37E4-4605-ADF0-05FCDD48DE8A}.Release|Any CPU.ActiveCfg = Release|Any CPU
		{4A5BAA53-37E4-4605-ADF0-05FCDD48DE8A}.Release|Any CPU.Build.0 = Release|Any CPU
		{1F039065-631A-483C-A4F0-BCC4278E5605}.Debug|Any CPU.ActiveCfg = Debug|Any CPU
		{1F039065-631A-483C-A4F0-BCC4278E5605}.Debug|Any CPU.Build.0 = Debug|Any CPU
		{1F039065-631A-483C-A4F0-BCC4278E5605}.DebugLocalShesha|Any CPU.ActiveCfg = Debug|Any CPU
		{1F039065-631A-483C-A4F0-BCC4278E5605}.DebugLocalShesha|Any CPU.Build.0 = Debug|Any CPU
		{1F039065-631A-483C-A4F0-BCC4278E5605}.Release|Any CPU.ActiveCfg = Release|Any CPU
		{1F039065-631A-483C-A4F0-BCC4278E5605}.Release|Any CPU.Build.0 = Release|Any CPU
		{FC3EB4C1-50E0-4AB6-8D5E-E4400B4373F2}.Debug|Any CPU.ActiveCfg = Debug|Any CPU
		{FC3EB4C1-50E0-4AB6-8D5E-E4400B4373F2}.Debug|Any CPU.Build.0 = Debug|Any CPU
		{FC3EB4C1-50E0-4AB6-8D5E-E4400B4373F2}.DebugLocalShesha|Any CPU.ActiveCfg = Debug|Any CPU
		{FC3EB4C1-50E0-4AB6-8D5E-E4400B4373F2}.DebugLocalShesha|Any CPU.Build.0 = Debug|Any CPU
		{FC3EB4C1-50E0-4AB6-8D5E-E4400B4373F2}.Release|Any CPU.ActiveCfg = Release|Any CPU
		{FC3EB4C1-50E0-4AB6-8D5E-E4400B4373F2}.Release|Any CPU.Build.0 = Release|Any CPU
		{9A5EF9E3-CE52-4724-BE4C-16E990498824}.Debug|Any CPU.ActiveCfg = Debug|Any CPU
		{9A5EF9E3-CE52-4724-BE4C-16E990498824}.Debug|Any CPU.Build.0 = Debug|Any CPU
		{9A5EF9E3-CE52-4724-BE4C-16E990498824}.DebugLocalShesha|Any CPU.ActiveCfg = Debug|Any CPU
		{9A5EF9E3-CE52-4724-BE4C-16E990498824}.DebugLocalShesha|Any CPU.Build.0 = Debug|Any CPU
		{9A5EF9E3-CE52-4724-BE4C-16E990498824}.Release|Any CPU.ActiveCfg = Release|Any CPU
		{9A5EF9E3-CE52-4724-BE4C-16E990498824}.Release|Any CPU.Build.0 = Release|Any CPU
		{B9196FE2-B4F4-4559-ABE6-B9719718CEB2}.Debug|Any CPU.ActiveCfg = Debug|Any CPU
		{B9196FE2-B4F4-4559-ABE6-B9719718CEB2}.Debug|Any CPU.Build.0 = Debug|Any CPU
		{B9196FE2-B4F4-4559-ABE6-B9719718CEB2}.DebugLocalShesha|Any CPU.ActiveCfg = Debug|Any CPU
		{B9196FE2-B4F4-4559-ABE6-B9719718CEB2}.DebugLocalShesha|Any CPU.Build.0 = Debug|Any CPU
		{B9196FE2-B4F4-4559-ABE6-B9719718CEB2}.Release|Any CPU.ActiveCfg = Release|Any CPU
		{B9196FE2-B4F4-4559-ABE6-B9719718CEB2}.Release|Any CPU.Build.0 = Release|Any CPU
		{B15CFDF1-22A4-40ED-AC28-CF42E4E52373}.Debug|Any CPU.ActiveCfg = Debug|Any CPU
		{B15CFDF1-22A4-40ED-AC28-CF42E4E52373}.Debug|Any CPU.Build.0 = Debug|Any CPU
		{B15CFDF1-22A4-40ED-AC28-CF42E4E52373}.DebugLocalShesha|Any CPU.ActiveCfg = Debug|Any CPU
		{B15CFDF1-22A4-40ED-AC28-CF42E4E52373}.DebugLocalShesha|Any CPU.Build.0 = Debug|Any CPU
		{B15CFDF1-22A4-40ED-AC28-CF42E4E52373}.Release|Any CPU.ActiveCfg = Release|Any CPU
		{B15CFDF1-22A4-40ED-AC28-CF42E4E52373}.Release|Any CPU.Build.0 = Release|Any CPU
		{7B2B886C-2E8B-429B-BDD6-BA637042C36C}.Debug|Any CPU.ActiveCfg = Debug|Any CPU
		{7B2B886C-2E8B-429B-BDD6-BA637042C36C}.Debug|Any CPU.Build.0 = Debug|Any CPU
		{7B2B886C-2E8B-429B-BDD6-BA637042C36C}.DebugLocalShesha|Any CPU.ActiveCfg = Debug|Any CPU
		{7B2B886C-2E8B-429B-BDD6-BA637042C36C}.DebugLocalShesha|Any CPU.Build.0 = Debug|Any CPU
		{7B2B886C-2E8B-429B-BDD6-BA637042C36C}.Release|Any CPU.ActiveCfg = Release|Any CPU
		{7B2B886C-2E8B-429B-BDD6-BA637042C36C}.Release|Any CPU.Build.0 = Release|Any CPU
		{11DC6773-299A-4133-8759-9B79F376184E}.Debug|Any CPU.ActiveCfg = Debug|Any CPU
		{11DC6773-299A-4133-8759-9B79F376184E}.Debug|Any CPU.Build.0 = Debug|Any CPU
		{11DC6773-299A-4133-8759-9B79F376184E}.DebugLocalShesha|Any CPU.ActiveCfg = Debug|Any CPU
		{11DC6773-299A-4133-8759-9B79F376184E}.DebugLocalShesha|Any CPU.Build.0 = Debug|Any CPU
		{11DC6773-299A-4133-8759-9B79F376184E}.Release|Any CPU.ActiveCfg = Release|Any CPU
		{11DC6773-299A-4133-8759-9B79F376184E}.Release|Any CPU.Build.0 = Release|Any CPU
		{C9CA7FC3-205A-46D5-A119-A502389B374E}.Debug|Any CPU.ActiveCfg = Debug|Any CPU
		{C9CA7FC3-205A-46D5-A119-A502389B374E}.Debug|Any CPU.Build.0 = Debug|Any CPU
		{C9CA7FC3-205A-46D5-A119-A502389B374E}.DebugLocalShesha|Any CPU.ActiveCfg = Debug|Any CPU
		{C9CA7FC3-205A-46D5-A119-A502389B374E}.DebugLocalShesha|Any CPU.Build.0 = Debug|Any CPU
		{C9CA7FC3-205A-46D5-A119-A502389B374E}.Release|Any CPU.ActiveCfg = Release|Any CPU
		{C9CA7FC3-205A-46D5-A119-A502389B374E}.Release|Any CPU.Build.0 = Release|Any CPU
		{38B117AE-F27F-4F8A-B61D-2FC4D35140BC}.Debug|Any CPU.ActiveCfg = Debug|Any CPU
		{38B117AE-F27F-4F8A-B61D-2FC4D35140BC}.Debug|Any CPU.Build.0 = Debug|Any CPU
		{38B117AE-F27F-4F8A-B61D-2FC4D35140BC}.DebugLocalShesha|Any CPU.ActiveCfg = Debug|Any CPU
		{38B117AE-F27F-4F8A-B61D-2FC4D35140BC}.DebugLocalShesha|Any CPU.Build.0 = Debug|Any CPU
		{38B117AE-F27F-4F8A-B61D-2FC4D35140BC}.Release|Any CPU.ActiveCfg = Release|Any CPU
		{38B117AE-F27F-4F8A-B61D-2FC4D35140BC}.Release|Any CPU.Build.0 = Release|Any CPU
		{38A577E9-B2AE-4C5F-A8B7-2D85C9586CE6}.Debug|Any CPU.ActiveCfg = Debug|Any CPU
		{38A577E9-B2AE-4C5F-A8B7-2D85C9586CE6}.Debug|Any CPU.Build.0 = Debug|Any CPU
		{38A577E9-B2AE-4C5F-A8B7-2D85C9586CE6}.DebugLocalShesha|Any CPU.ActiveCfg = Debug|Any CPU
		{38A577E9-B2AE-4C5F-A8B7-2D85C9586CE6}.DebugLocalShesha|Any CPU.Build.0 = Debug|Any CPU
		{38A577E9-B2AE-4C5F-A8B7-2D85C9586CE6}.Release|Any CPU.ActiveCfg = Release|Any CPU
		{38A577E9-B2AE-4C5F-A8B7-2D85C9586CE6}.Release|Any CPU.Build.0 = Release|Any CPU
		{D12CD226-224B-40CA-9F71-CF6F69AB79FB}.Debug|Any CPU.ActiveCfg = Debug|Any CPU
		{D12CD226-224B-40CA-9F71-CF6F69AB79FB}.Debug|Any CPU.Build.0 = Debug|Any CPU
		{D12CD226-224B-40CA-9F71-CF6F69AB79FB}.DebugLocalShesha|Any CPU.ActiveCfg = Debug|Any CPU
		{D12CD226-224B-40CA-9F71-CF6F69AB79FB}.DebugLocalShesha|Any CPU.Build.0 = Debug|Any CPU
		{D12CD226-224B-40CA-9F71-CF6F69AB79FB}.Release|Any CPU.ActiveCfg = Release|Any CPU
		{D12CD226-224B-40CA-9F71-CF6F69AB79FB}.Release|Any CPU.Build.0 = Release|Any CPU
		{C12285C5-3DCC-49A4-9D40-321AB4386E73}.Debug|Any CPU.ActiveCfg = Debug|Any CPU
		{C12285C5-3DCC-49A4-9D40-321AB4386E73}.Debug|Any CPU.Build.0 = Debug|Any CPU
		{C12285C5-3DCC-49A4-9D40-321AB4386E73}.DebugLocalShesha|Any CPU.ActiveCfg = Debug|Any CPU
		{C12285C5-3DCC-49A4-9D40-321AB4386E73}.DebugLocalShesha|Any CPU.Build.0 = Debug|Any CPU
		{C12285C5-3DCC-49A4-9D40-321AB4386E73}.Release|Any CPU.ActiveCfg = Release|Any CPU
		{C12285C5-3DCC-49A4-9D40-321AB4386E73}.Release|Any CPU.Build.0 = Release|Any CPU
		{5C0BEB31-7CAB-4DBF-8F27-9BDCF5AC9E65}.Debug|Any CPU.ActiveCfg = Debug|Any CPU
		{5C0BEB31-7CAB-4DBF-8F27-9BDCF5AC9E65}.Debug|Any CPU.Build.0 = Debug|Any CPU
		{5C0BEB31-7CAB-4DBF-8F27-9BDCF5AC9E65}.DebugLocalShesha|Any CPU.ActiveCfg = Debug|Any CPU
		{5C0BEB31-7CAB-4DBF-8F27-9BDCF5AC9E65}.DebugLocalShesha|Any CPU.Build.0 = Debug|Any CPU
		{5C0BEB31-7CAB-4DBF-8F27-9BDCF5AC9E65}.Release|Any CPU.ActiveCfg = Release|Any CPU
		{5C0BEB31-7CAB-4DBF-8F27-9BDCF5AC9E65}.Release|Any CPU.Build.0 = Release|Any CPU
		{095A8273-0E32-4782-9A8D-047290D2B8C7}.Debug|Any CPU.ActiveCfg = Debug|Any CPU
		{095A8273-0E32-4782-9A8D-047290D2B8C7}.Debug|Any CPU.Build.0 = Debug|Any CPU
		{095A8273-0E32-4782-9A8D-047290D2B8C7}.DebugLocalShesha|Any CPU.ActiveCfg = Debug|Any CPU
		{095A8273-0E32-4782-9A8D-047290D2B8C7}.DebugLocalShesha|Any CPU.Build.0 = Debug|Any CPU
		{095A8273-0E32-4782-9A8D-047290D2B8C7}.Release|Any CPU.ActiveCfg = Release|Any CPU
		{095A8273-0E32-4782-9A8D-047290D2B8C7}.Release|Any CPU.Build.0 = Release|Any CPU
		{3090C6DE-A928-448D-A9C6-355142D27213}.Debug|Any CPU.ActiveCfg = Debug|Any CPU
		{3090C6DE-A928-448D-A9C6-355142D27213}.Debug|Any CPU.Build.0 = Debug|Any CPU
		{3090C6DE-A928-448D-A9C6-355142D27213}.DebugLocalShesha|Any CPU.ActiveCfg = Debug|Any CPU
		{3090C6DE-A928-448D-A9C6-355142D27213}.DebugLocalShesha|Any CPU.Build.0 = Debug|Any CPU
		{3090C6DE-A928-448D-A9C6-355142D27213}.Release|Any CPU.ActiveCfg = Release|Any CPU
		{3090C6DE-A928-448D-A9C6-355142D27213}.Release|Any CPU.Build.0 = Release|Any CPU
		{54AF3A7B-FAED-42DF-8560-1045141E8B17}.Debug|Any CPU.ActiveCfg = Debug|Any CPU
		{54AF3A7B-FAED-42DF-8560-1045141E8B17}.Debug|Any CPU.Build.0 = Debug|Any CPU
		{54AF3A7B-FAED-42DF-8560-1045141E8B17}.DebugLocalShesha|Any CPU.ActiveCfg = Debug|Any CPU
		{54AF3A7B-FAED-42DF-8560-1045141E8B17}.DebugLocalShesha|Any CPU.Build.0 = Debug|Any CPU
		{54AF3A7B-FAED-42DF-8560-1045141E8B17}.Release|Any CPU.ActiveCfg = Release|Any CPU
		{54AF3A7B-FAED-42DF-8560-1045141E8B17}.Release|Any CPU.Build.0 = Release|Any CPU
		{BF46801F-B5F5-490A-BDF1-1474EF2240F5}.Debug|Any CPU.ActiveCfg = Debug|Any CPU
		{BF46801F-B5F5-490A-BDF1-1474EF2240F5}.Debug|Any CPU.Build.0 = Debug|Any CPU
		{BF46801F-B5F5-490A-BDF1-1474EF2240F5}.DebugLocalShesha|Any CPU.ActiveCfg = Debug|Any CPU
		{BF46801F-B5F5-490A-BDF1-1474EF2240F5}.DebugLocalShesha|Any CPU.Build.0 = Debug|Any CPU
		{BF46801F-B5F5-490A-BDF1-1474EF2240F5}.Release|Any CPU.ActiveCfg = Release|Any CPU
		{BF46801F-B5F5-490A-BDF1-1474EF2240F5}.Release|Any CPU.Build.0 = Release|Any CPU
		{D456D00C-4A9C-4380-9F16-B05645A69EDB}.Debug|Any CPU.ActiveCfg = Debug|Any CPU
		{D456D00C-4A9C-4380-9F16-B05645A69EDB}.Debug|Any CPU.Build.0 = Debug|Any CPU
		{D456D00C-4A9C-4380-9F16-B05645A69EDB}.DebugLocalShesha|Any CPU.ActiveCfg = Debug|Any CPU
		{D456D00C-4A9C-4380-9F16-B05645A69EDB}.DebugLocalShesha|Any CPU.Build.0 = Debug|Any CPU
		{D456D00C-4A9C-4380-9F16-B05645A69EDB}.Release|Any CPU.ActiveCfg = Release|Any CPU
		{D456D00C-4A9C-4380-9F16-B05645A69EDB}.Release|Any CPU.Build.0 = Release|Any CPU
	EndGlobalSection
	GlobalSection(SolutionProperties) = preSolution
		HideSolutionNode = FALSE
	EndGlobalSection
	GlobalSection(NestedProjects) = preSolution
		{1E3B0FB7-94E8-48AD-83AC-17EABA2EA5D1} = {244B7A5A-6740-4EE8-BCA3-5484C9DDF56A}
		{B024575E-742F-4253-A2E7-A1959DCE52BC} = {75540715-92AC-4551-9DCE-F71CF71009E3}
		{07310DDD-41BB-41B7-9A32-D8CED5DD2FAB} = {75540715-92AC-4551-9DCE-F71CF71009E3}
		{8279702B-6EBD-4423-9AE0-BA204163DDB7} = {75540715-92AC-4551-9DCE-F71CF71009E3}
		{4A5BAA53-37E4-4605-ADF0-05FCDD48DE8A} = {75540715-92AC-4551-9DCE-F71CF71009E3}
		{1F039065-631A-483C-A4F0-BCC4278E5605} = {75540715-92AC-4551-9DCE-F71CF71009E3}
		{FC3EB4C1-50E0-4AB6-8D5E-E4400B4373F2} = {75540715-92AC-4551-9DCE-F71CF71009E3}
		{9A5EF9E3-CE52-4724-BE4C-16E990498824} = {75540715-92AC-4551-9DCE-F71CF71009E3}
		{B9196FE2-B4F4-4559-ABE6-B9719718CEB2} = {75540715-92AC-4551-9DCE-F71CF71009E3}
		{B15CFDF1-22A4-40ED-AC28-CF42E4E52373} = {75540715-92AC-4551-9DCE-F71CF71009E3}
		{7B2B886C-2E8B-429B-BDD6-BA637042C36C} = {75540715-92AC-4551-9DCE-F71CF71009E3}
		{11DC6773-299A-4133-8759-9B79F376184E} = {75540715-92AC-4551-9DCE-F71CF71009E3}
		{C9CA7FC3-205A-46D5-A119-A502389B374E} = {75540715-92AC-4551-9DCE-F71CF71009E3}
		{38B117AE-F27F-4F8A-B61D-2FC4D35140BC} = {75540715-92AC-4551-9DCE-F71CF71009E3}
		{38A577E9-B2AE-4C5F-A8B7-2D85C9586CE6} = {75540715-92AC-4551-9DCE-F71CF71009E3}
		{D12CD226-224B-40CA-9F71-CF6F69AB79FB} = {75540715-92AC-4551-9DCE-F71CF71009E3}
		{C12285C5-3DCC-49A4-9D40-321AB4386E73} = {75540715-92AC-4551-9DCE-F71CF71009E3}
		{5C0BEB31-7CAB-4DBF-8F27-9BDCF5AC9E65} = {244B7A5A-6740-4EE8-BCA3-5484C9DDF56A}
		{54AF3A7B-FAED-42DF-8560-1045141E8B17} = {244B7A5A-6740-4EE8-BCA3-5484C9DDF56A}
		{BF46801F-B5F5-490A-BDF1-1474EF2240F5} = {244B7A5A-6740-4EE8-BCA3-5484C9DDF56A}
	EndGlobalSection
	GlobalSection(ExtensibilityGlobals) = postSolution
		SolutionGuid = {95ED23F3-8DEA-456E-A44B-87A161CB696A}
	EndGlobalSection
EndGlobal
