Microsoft Visual Studio Solution File, Format Version 12.00
# Visual Studio Version 17
VisualStudioVersion = 17.2.32630.192
MinimumVisualStudioVersion = 10.0.40219.1
Project("{2150E333-8FDC-42A3-9474-1A3956D46DE8}") = "Solution Items", "Solution Items", "{9695FC1C-6D7C-4FE8-A47B-0D35F0A6649D}"
	ProjectSection(SolutionItems) = preProject
		.editorconfig = .editorconfig
	EndProjectSection
EndProject
Project("{2150E333-8FDC-42A3-9474-1A3956D46DE8}") = "Tests", "Tests", "{244B7A5A-6740-4EE8-BCA3-5484C9DDF56A}"
EndProject
Project("{9A19103F-16F7-4668-BE54-9A1E7A4F7556}") = "ShaCompanyName.ShaProjectName.Web.Host", "src\ShaCompanyName.ShaProjectName.Web.Host\ShaCompanyName.ShaProjectName.Web.Host.csproj", "{AE6EA4DF-D39B-45C9-90AB-DE4BD9C0665B}"
EndProject
Project("{9A19103F-16F7-4668-BE54-9A1E7A4F7556}") = "ShaCompanyName.ShaProjectName.Web.Core", "src\ShaCompanyName.ShaProjectName.Web.Core\ShaCompanyName.ShaProjectName.Web.Core.csproj", "{3AC22D01-68A6-48DC-8A71-F0EB8A253DF2}"
EndProject
Project("{9A19103F-16F7-4668-BE54-9A1E7A4F7556}") = "ShaCompanyName.ShaProjectName.Common.Domain.Tests", "test\ShaCompanyName.ShaProjectName.Common.Domain.Tests\ShaCompanyName.ShaProjectName.Common.Domain.Tests.csproj", "{1E3B0FB7-94E8-48AD-83AC-17EABA2EA5D1}"
EndProject
Project("{9A19103F-16F7-4668-BE54-9A1E7A4F7556}") = "ShaCompanyName.ShaProjectName.Domain", "src\ShaCompanyName.ShaProjectName.Domain\ShaCompanyName.ShaProjectName.Domain.csproj", "{18F3CFCE-4532-457A-B4E2-B1FFE601C7A4}"
EndProject
Project("{9A19103F-16F7-4668-BE54-9A1E7A4F7556}") = "ShaCompanyName.ShaProjectName.Application", "src\ShaCompanyName.ShaProjectName.Application\ShaCompanyName.ShaProjectName.Application.csproj", "{CDBB7196-2532-4E94-9EAF-7DA7BC32C0D2}"
EndProject
Global
	GlobalSection(SolutionConfigurationPlatforms) = preSolution
		Debug|Any CPU = Debug|Any CPU
		DebugLocalShesha|Any CPU = DebugLocalShesha|Any CPU
		Release|Any CPU = Release|Any CPU
	EndGlobalSection
	GlobalSection(ProjectConfigurationPlatforms) = postSolution
		{AE6EA4DF-D39B-45C9-90AB-DE4BD9C0665B}.Debug|Any CPU.ActiveCfg = Debug|Any CPU
		{AE6EA4DF-D39B-45C9-90AB-DE4BD9C0665B}.Debug|Any CPU.Build.0 = Debug|Any CPU
		{AE6EA4DF-D39B-45C9-90AB-DE4BD9C0665B}.DebugLocalShesha|Any CPU.ActiveCfg = Debug|Any CPU
		{AE6EA4DF-D39B-45C9-90AB-DE4BD9C0665B}.DebugLocalShesha|Any CPU.Build.0 = Debug|Any CPU
		{AE6EA4DF-D39B-45C9-90AB-DE4BD9C0665B}.Release|Any CPU.ActiveCfg = Release|Any CPU
		{AE6EA4DF-D39B-45C9-90AB-DE4BD9C0665B}.Release|Any CPU.Build.0 = Release|Any CPU
		{3AC22D01-68A6-48DC-8A71-F0EB8A253DF2}.Debug|Any CPU.ActiveCfg = Debug|Any CPU
		{3AC22D01-68A6-48DC-8A71-F0EB8A253DF2}.Debug|Any CPU.Build.0 = Debug|Any CPU
		{3AC22D01-68A6-48DC-8A71-F0EB8A253DF2}.DebugLocalShesha|Any CPU.ActiveCfg = Debug|Any CPU
		{3AC22D01-68A6-48DC-8A71-F0EB8A253DF2}.DebugLocalShesha|Any CPU.Build.0 = Debug|Any CPU
		{3AC22D01-68A6-48DC-8A71-F0EB8A253DF2}.Release|Any CPU.ActiveCfg = Release|Any CPU
		{3AC22D01-68A6-48DC-8A71-F0EB8A253DF2}.Release|Any CPU.Build.0 = Release|Any CPU
		{1E3B0FB7-94E8-48AD-83AC-17EABA2EA5D1}.Debug|Any CPU.ActiveCfg = Debug|Any CPU
		{1E3B0FB7-94E8-48AD-83AC-17EABA2EA5D1}.Debug|Any CPU.Build.0 = Debug|Any CPU
		{1E3B0FB7-94E8-48AD-83AC-17EABA2EA5D1}.DebugLocalShesha|Any CPU.ActiveCfg = Debug|Any CPU
		{1E3B0FB7-94E8-48AD-83AC-17EABA2EA5D1}.DebugLocalShesha|Any CPU.Build.0 = Debug|Any CPU
		{1E3B0FB7-94E8-48AD-83AC-17EABA2EA5D1}.Release|Any CPU.ActiveCfg = Release|Any CPU
		{1E3B0FB7-94E8-48AD-83AC-17EABA2EA5D1}.Release|Any CPU.Build.0 = Release|Any CPU
		{18F3CFCE-4532-457A-B4E2-B1FFE601C7A4}.Debug|Any CPU.ActiveCfg = Debug|Any CPU
		{18F3CFCE-4532-457A-B4E2-B1FFE601C7A4}.Debug|Any CPU.Build.0 = Debug|Any CPU
		{18F3CFCE-4532-457A-B4E2-B1FFE601C7A4}.DebugLocalShesha|Any CPU.ActiveCfg = Debug|Any CPU
		{18F3CFCE-4532-457A-B4E2-B1FFE601C7A4}.DebugLocalShesha|Any CPU.Build.0 = Debug|Any CPU
		{18F3CFCE-4532-457A-B4E2-B1FFE601C7A4}.Release|Any CPU.ActiveCfg = Release|Any CPU
		{18F3CFCE-4532-457A-B4E2-B1FFE601C7A4}.Release|Any CPU.Build.0 = Release|Any CPU
		{CDBB7196-2532-4E94-9EAF-7DA7BC32C0D2}.Debug|Any CPU.ActiveCfg = Debug|Any CPU
		{CDBB7196-2532-4E94-9EAF-7DA7BC32C0D2}.Debug|Any CPU.Build.0 = Debug|Any CPU
		{CDBB7196-2532-4E94-9EAF-7DA7BC32C0D2}.DebugLocalShesha|Any CPU.ActiveCfg = Debug|Any CPU
		{CDBB7196-2532-4E94-9EAF-7DA7BC32C0D2}.DebugLocalShesha|Any CPU.Build.0 = Debug|Any CPU
		{CDBB7196-2532-4E94-9EAF-7DA7BC32C0D2}.Release|Any CPU.ActiveCfg = Release|Any CPU
		{CDBB7196-2532-4E94-9EAF-7DA7BC32C0D2}.Release|Any CPU.Build.0 = Release|Any CPU
	EndGlobalSection
	GlobalSection(SolutionProperties) = preSolution
		HideSolutionNode = FALSE
	EndGlobalSection
	GlobalSection(NestedProjects) = preSolution
		{1E3B0FB7-94E8-48AD-83AC-17EABA2EA5D1} = {244B7A5A-6740-4EE8-BCA3-5484C9DDF56A}
	EndGlobalSection
	GlobalSection(ExtensibilityGlobals) = postSolution
		SolutionGuid = {95ED23F3-8DEA-456E-A44B-87A161CB696A}
	EndGlobalSection
EndGlobal
