
Microsoft Visual Studio Solution File, Format Version 12.00
# Visual Studio Version 17
VisualStudioVersion = 17.0.32630.193
MinimumVisualStudioVersion = 10.0.40219.1
Project("{2150E333-8FDC-42A3-9474-1A3956D46DE8}") = "src", "src", "{AFAA0841-BD93-466F-B8F4-FB4EEC86F1FC}"
EndProject
Project("{2150E333-8FDC-42A3-9474-1A3956D46DE8}") = "test", "test", "{F10AA149-2626-486E-85BB-9CD5365F3016}"
EndProject
Project("{9A19103F-16F7-4668-BE54-9A1E7A4F7556}") = "Shesha.Core", "src\Shesha.Core\Shesha.Core.csproj", "{0FA75A5B-AB83-4FD0-B545-279774C01E87}"
EndProject
Project("{9A19103F-16F7-4668-BE54-9A1E7A4F7556}") = "Shesha.Application", "src\Shesha.Application\Shesha.Application.csproj", "{3870C648-4AEA-4B85-BA3F-F2F63B96136A}"
EndProject
Project("{9A19103F-16F7-4668-BE54-9A1E7A4F7556}") = "Shesha.Tests", "test\Shesha.Tests\Shesha.Tests.csproj", "{0D4C5D00-C144-4213-A007-4B8944113AB1}"
EndProject
Project("{9A19103F-16F7-4668-BE54-9A1E7A4F7556}") = "Shesha.Web.Host", "src\Shesha.Web.Host\Shesha.Web.Host.csproj", "{38E184BD-E874-4633-A947-AED4FDB73F40}"
EndProject
Project("{9A19103F-16F7-4668-BE54-9A1E7A4F7556}") = "Shesha.Web.Core", "src\Shesha.Web.Core\Shesha.Web.Core.csproj", "{22CFE0D2-8DCA-42D7-AD7D-784C3862493F}"
EndProject
Project("{9A19103F-16F7-4668-BE54-9A1E7A4F7556}") = "Shesha.Web.FormsDesigner", "src\Shesha.Web.FormsDesigner\Shesha.Web.FormsDesigner.csproj", "{684B7DB0-1CE1-4FEE-870A-E7B2A0B1F15E}"
EndProject
Project("{9A19103F-16F7-4668-BE54-9A1E7A4F7556}") = "Shesha.NHibernate", "src\Shesha.NHibernate\Shesha.NHibernate.csproj", "{9088F6F3-47EB-4C10-813D-EA6161796380}"
EndProject
Project("{9A19103F-16F7-4668-BE54-9A1E7A4F7556}") = "Shesha.Framework", "src\Shesha.Framework\Shesha.Framework.csproj", "{2B80EFED-CB47-4EDC-976E-F764C63C0F6C}"
EndProject
Project("{2150E333-8FDC-42A3-9474-1A3956D46DE8}") = "Sms", "Sms", "{2062CE98-BD69-406F-B7FB-027EB9340E9B}"
EndProject
Project("{9A19103F-16F7-4668-BE54-9A1E7A4F7556}") = "Shesha.Sms.Clickatell", "src\Shesha.Sms.Clickatell\Shesha.Sms.Clickatell.csproj", "{18CA4C5D-DFA1-420B-A379-50D7A74A71BA}"
EndProject
Project("{9A19103F-16F7-4668-BE54-9A1E7A4F7556}") = "Shesha.Elmah", "src\Shesha.Elmah\Shesha.Elmah.csproj", "{CC013418-4BDE-4D1D-93C9-7065C865838C}"
EndProject
Project("{9A19103F-16F7-4668-BE54-9A1E7A4F7556}") = "Shesha.Import", "src\Shesha.Import\Shesha.Import.csproj", "{835F8022-4918-4BD9-83EB-A4C6EACBF942}"
EndProject
Project("{9A19103F-16F7-4668-BE54-9A1E7A4F7556}") = "Shesha.Scheduler", "src\Shesha.Scheduler\Shesha.Scheduler.csproj", "{26E40397-1D7F-4C4C-846C-3F3B46408054}"
EndProject
Project("{2150E333-8FDC-42A3-9474-1A3956D46DE8}") = "solution-items", "solution-items", "{231B88C8-DA14-45B9-ACC9-BE08151ED28D}"
	ProjectSection(SolutionItems) = preProject
		common.props = common.props
	EndProjectSection
EndProject
Project("{9A19103F-16F7-4668-BE54-9A1E7A4F7556}") = "Shesha.MongoRepository", "src\Shesha.MongoRepository\Shesha.MongoRepository.csproj", "{6A20EB25-A7AC-45D4-8965-67EB190F862A}"
EndProject
Project("{9A19103F-16F7-4668-BE54-9A1E7A4F7556}") = "Shesha.RestSharp", "src\Shesha.RestSharp\Shesha.RestSharp.csproj", "{9B1081F8-9C48-4F2B-9944-E8B2BC231461}"
EndProject
Project("{9A19103F-16F7-4668-BE54-9A1E7A4F7556}") = "Shesha.GraphQL", "src\Shesha.GraphQL\Shesha.GraphQL.csproj", "{5CD8D75B-DDF6-444D-81A8-92346BB65B86}"
EndProject
Project("{9A19103F-16F7-4668-BE54-9A1E7A4F7556}") = "Shesha.FluentMigrator", "src\Shesha.FluentMigrator\Shesha.FluentMigrator.csproj", "{2A550F70-7843-4188-BD57-C994E0D27DA2}"
EndProject
Project("{9A19103F-16F7-4668-BE54-9A1E7A4F7556}") = "Shesha.NHibernate.PostGis", "src\Shesha.NHibernate.PostGis\Shesha.NHibernate.PostGis.csproj", "{ADC60E62-AAD0-44A0-87DC-126170557958}"
EndProject
Project("{9A19103F-16F7-4668-BE54-9A1E7A4F7556}") = "Shesha.Common", "src\Shesha.Common\Shesha.Common.csproj", "{97D1FF0C-72EF-4C45-93B3-C169BCD654FA}"
EndProject
Project("{2150E333-8FDC-42A3-9474-1A3956D46DE8}") = "analyzers", "analyzers", "{02EA681E-C7D8-13C7-8484-4AC65E1B71E8}"
EndProject
Project("{FAE04EC0-301F-11D3-BF4B-00C04F79EFBC}") = "SheshaCodeAnalyzers", "analyzers\SheshaCodeAnalyzers\SheshaCodeAnalyzers.csproj", "{588EA4DF-22E2-64C6-2DD1-6E8ADEDCBF1B}"
EndProject
Project("{FAE04EC0-301F-11D3-BF4B-00C04F79EFBC}") = "SheshaCodeAnalyzers.CodeFixes", "analyzers\SheshaCodeAnalyzers.CodeFixes\SheshaCodeAnalyzers.CodeFixes.csproj", "{05DC5A74-CCC2-3A28-008A-F69B34CF66E5}"
EndProject
Project("{FAE04EC0-301F-11D3-BF4B-00C04F79EFBC}") = "SheshaCodeAnalyzers.Package", "analyzers\SheshaCodeAnalyzers.Package\SheshaCodeAnalyzers.Package.csproj", "{18145AAA-0E16-6212-F535-4A82F5069A17}"
EndProject
Project("{FAE04EC0-301F-11D3-BF4B-00C04F79EFBC}") = "SheshaCodeAnalyzers.Test", "analyzers\SheshaCodeAnalyzers.Test\SheshaCodeAnalyzers.Test.csproj", "{C2196593-1C13-50DC-5C68-2C3B3193BB38}"
EndProject
Global
	GlobalSection(SolutionConfigurationPlatforms) = preSolution
		Debug|Any CPU = Debug|Any CPU
		Release|Any CPU = Release|Any CPU
	EndGlobalSection
	GlobalSection(ProjectConfigurationPlatforms) = postSolution
		{0FA75A5B-AB83-4FD0-B545-279774C01E87}.Debug|Any CPU.ActiveCfg = Debug|Any CPU
		{0FA75A5B-AB83-4FD0-B545-279774C01E87}.Debug|Any CPU.Build.0 = Debug|Any CPU
		{0FA75A5B-AB83-4FD0-B545-279774C01E87}.Release|Any CPU.ActiveCfg = Release|Any CPU
		{0FA75A5B-AB83-4FD0-B545-279774C01E87}.Release|Any CPU.Build.0 = Release|Any CPU
		{3870C648-4AEA-4B85-BA3F-F2F63B96136A}.Debug|Any CPU.ActiveCfg = Debug|Any CPU
		{3870C648-4AEA-4B85-BA3F-F2F63B96136A}.Debug|Any CPU.Build.0 = Debug|Any CPU
		{3870C648-4AEA-4B85-BA3F-F2F63B96136A}.Release|Any CPU.ActiveCfg = Release|Any CPU
		{3870C648-4AEA-4B85-BA3F-F2F63B96136A}.Release|Any CPU.Build.0 = Release|Any CPU
		{0D4C5D00-C144-4213-A007-4B8944113AB1}.Debug|Any CPU.ActiveCfg = Debug|Any CPU
		{0D4C5D00-C144-4213-A007-4B8944113AB1}.Debug|Any CPU.Build.0 = Debug|Any CPU
		{0D4C5D00-C144-4213-A007-4B8944113AB1}.Release|Any CPU.ActiveCfg = Release|Any CPU
		{0D4C5D00-C144-4213-A007-4B8944113AB1}.Release|Any CPU.Build.0 = Release|Any CPU
		{38E184BD-E874-4633-A947-AED4FDB73F40}.Debug|Any CPU.ActiveCfg = Debug|Any CPU
		{38E184BD-E874-4633-A947-AED4FDB73F40}.Debug|Any CPU.Build.0 = Debug|Any CPU
		{38E184BD-E874-4633-A947-AED4FDB73F40}.Release|Any CPU.ActiveCfg = Release|Any CPU
		{38E184BD-E874-4633-A947-AED4FDB73F40}.Release|Any CPU.Build.0 = Release|Any CPU
		{22CFE0D2-8DCA-42D7-AD7D-784C3862493F}.Debug|Any CPU.ActiveCfg = Debug|Any CPU
		{22CFE0D2-8DCA-42D7-AD7D-784C3862493F}.Debug|Any CPU.Build.0 = Debug|Any CPU
		{22CFE0D2-8DCA-42D7-AD7D-784C3862493F}.Release|Any CPU.ActiveCfg = Release|Any CPU
		{22CFE0D2-8DCA-42D7-AD7D-784C3862493F}.Release|Any CPU.Build.0 = Release|Any CPU
		{684B7DB0-1CE1-4FEE-870A-E7B2A0B1F15E}.Debug|Any CPU.ActiveCfg = Debug|Any CPU
		{684B7DB0-1CE1-4FEE-870A-E7B2A0B1F15E}.Debug|Any CPU.Build.0 = Debug|Any CPU
		{684B7DB0-1CE1-4FEE-870A-E7B2A0B1F15E}.Release|Any CPU.ActiveCfg = Release|Any CPU
		{684B7DB0-1CE1-4FEE-870A-E7B2A0B1F15E}.Release|Any CPU.Build.0 = Release|Any CPU
		{9088F6F3-47EB-4C10-813D-EA6161796380}.Debug|Any CPU.ActiveCfg = Debug|Any CPU
		{9088F6F3-47EB-4C10-813D-EA6161796380}.Debug|Any CPU.Build.0 = Debug|Any CPU
		{9088F6F3-47EB-4C10-813D-EA6161796380}.Release|Any CPU.ActiveCfg = Release|Any CPU
		{9088F6F3-47EB-4C10-813D-EA6161796380}.Release|Any CPU.Build.0 = Release|Any CPU
		{2B80EFED-CB47-4EDC-976E-F764C63C0F6C}.Debug|Any CPU.ActiveCfg = Debug|Any CPU
		{2B80EFED-CB47-4EDC-976E-F764C63C0F6C}.Debug|Any CPU.Build.0 = Debug|Any CPU
		{2B80EFED-CB47-4EDC-976E-F764C63C0F6C}.Release|Any CPU.ActiveCfg = Release|Any CPU
		{2B80EFED-CB47-4EDC-976E-F764C63C0F6C}.Release|Any CPU.Build.0 = Release|Any CPU
		{18CA4C5D-DFA1-420B-A379-50D7A74A71BA}.Debug|Any CPU.ActiveCfg = Debug|Any CPU
		{18CA4C5D-DFA1-420B-A379-50D7A74A71BA}.Debug|Any CPU.Build.0 = Debug|Any CPU
		{18CA4C5D-DFA1-420B-A379-50D7A74A71BA}.Release|Any CPU.ActiveCfg = Release|Any CPU
		{18CA4C5D-DFA1-420B-A379-50D7A74A71BA}.Release|Any CPU.Build.0 = Release|Any CPU
		{CC013418-4BDE-4D1D-93C9-7065C865838C}.Debug|Any CPU.ActiveCfg = Debug|Any CPU
		{CC013418-4BDE-4D1D-93C9-7065C865838C}.Debug|Any CPU.Build.0 = Debug|Any CPU
		{CC013418-4BDE-4D1D-93C9-7065C865838C}.Release|Any CPU.ActiveCfg = Release|Any CPU
		{CC013418-4BDE-4D1D-93C9-7065C865838C}.Release|Any CPU.Build.0 = Release|Any CPU
		{835F8022-4918-4BD9-83EB-A4C6EACBF942}.Debug|Any CPU.ActiveCfg = Debug|Any CPU
		{835F8022-4918-4BD9-83EB-A4C6EACBF942}.Debug|Any CPU.Build.0 = Debug|Any CPU
		{835F8022-4918-4BD9-83EB-A4C6EACBF942}.Release|Any CPU.ActiveCfg = Release|Any CPU
		{835F8022-4918-4BD9-83EB-A4C6EACBF942}.Release|Any CPU.Build.0 = Release|Any CPU
		{26E40397-1D7F-4C4C-846C-3F3B46408054}.Debug|Any CPU.ActiveCfg = Debug|Any CPU
		{26E40397-1D7F-4C4C-846C-3F3B46408054}.Debug|Any CPU.Build.0 = Debug|Any CPU
		{26E40397-1D7F-4C4C-846C-3F3B46408054}.Release|Any CPU.ActiveCfg = Release|Any CPU
		{26E40397-1D7F-4C4C-846C-3F3B46408054}.Release|Any CPU.Build.0 = Release|Any CPU
		{6A20EB25-A7AC-45D4-8965-67EB190F862A}.Debug|Any CPU.ActiveCfg = Debug|Any CPU
		{6A20EB25-A7AC-45D4-8965-67EB190F862A}.Debug|Any CPU.Build.0 = Debug|Any CPU
		{6A20EB25-A7AC-45D4-8965-67EB190F862A}.Release|Any CPU.ActiveCfg = Release|Any CPU
		{6A20EB25-A7AC-45D4-8965-67EB190F862A}.Release|Any CPU.Build.0 = Release|Any CPU
		{9B1081F8-9C48-4F2B-9944-E8B2BC231461}.Debug|Any CPU.ActiveCfg = Debug|Any CPU
		{9B1081F8-9C48-4F2B-9944-E8B2BC231461}.Debug|Any CPU.Build.0 = Debug|Any CPU
		{9B1081F8-9C48-4F2B-9944-E8B2BC231461}.Release|Any CPU.ActiveCfg = Release|Any CPU
		{9B1081F8-9C48-4F2B-9944-E8B2BC231461}.Release|Any CPU.Build.0 = Release|Any CPU
		{5CD8D75B-DDF6-444D-81A8-92346BB65B86}.Debug|Any CPU.ActiveCfg = Debug|Any CPU
		{5CD8D75B-DDF6-444D-81A8-92346BB65B86}.Debug|Any CPU.Build.0 = Debug|Any CPU
		{5CD8D75B-DDF6-444D-81A8-92346BB65B86}.Release|Any CPU.ActiveCfg = Release|Any CPU
		{5CD8D75B-DDF6-444D-81A8-92346BB65B86}.Release|Any CPU.Build.0 = Release|Any CPU
		{2A550F70-7843-4188-BD57-C994E0D27DA2}.Debug|Any CPU.ActiveCfg = Debug|Any CPU
		{2A550F70-7843-4188-BD57-C994E0D27DA2}.Debug|Any CPU.Build.0 = Debug|Any CPU
		{2A550F70-7843-4188-BD57-C994E0D27DA2}.Release|Any CPU.ActiveCfg = Release|Any CPU
		{2A550F70-7843-4188-BD57-C994E0D27DA2}.Release|Any CPU.Build.0 = Release|Any CPU
		{ADC60E62-AAD0-44A0-87DC-126170557958}.Debug|Any CPU.ActiveCfg = Debug|Any CPU
		{ADC60E62-AAD0-44A0-87DC-126170557958}.Debug|Any CPU.Build.0 = Debug|Any CPU
		{ADC60E62-AAD0-44A0-87DC-126170557958}.Release|Any CPU.ActiveCfg = Release|Any CPU
		{ADC60E62-AAD0-44A0-87DC-126170557958}.Release|Any CPU.Build.0 = Release|Any CPU
		{97D1FF0C-72EF-4C45-93B3-C169BCD654FA}.Debug|Any CPU.ActiveCfg = Debug|Any CPU
		{97D1FF0C-72EF-4C45-93B3-C169BCD654FA}.Debug|Any CPU.Build.0 = Debug|Any CPU
		{97D1FF0C-72EF-4C45-93B3-C169BCD654FA}.Release|Any CPU.ActiveCfg = Release|Any CPU
		{97D1FF0C-72EF-4C45-93B3-C169BCD654FA}.Release|Any CPU.Build.0 = Release|Any CPU
		{588EA4DF-22E2-64C6-2DD1-6E8ADEDCBF1B}.Debug|Any CPU.ActiveCfg = Debug|Any CPU
		{588EA4DF-22E2-64C6-2DD1-6E8ADEDCBF1B}.Debug|Any CPU.Build.0 = Debug|Any CPU
		{588EA4DF-22E2-64C6-2DD1-6E8ADEDCBF1B}.Release|Any CPU.ActiveCfg = Release|Any CPU
		{588EA4DF-22E2-64C6-2DD1-6E8ADEDCBF1B}.Release|Any CPU.Build.0 = Release|Any CPU
		{05DC5A74-CCC2-3A28-008A-F69B34CF66E5}.Debug|Any CPU.ActiveCfg = Debug|Any CPU
		{05DC5A74-CCC2-3A28-008A-F69B34CF66E5}.Debug|Any CPU.Build.0 = Debug|Any CPU
		{05DC5A74-CCC2-3A28-008A-F69B34CF66E5}.Release|Any CPU.ActiveCfg = Release|Any CPU
		{05DC5A74-CCC2-3A28-008A-F69B34CF66E5}.Release|Any CPU.Build.0 = Release|Any CPU
		{18145AAA-0E16-6212-F535-4A82F5069A17}.Debug|Any CPU.ActiveCfg = Debug|Any CPU
		{18145AAA-0E16-6212-F535-4A82F5069A17}.Debug|Any CPU.Build.0 = Debug|Any CPU
		{18145AAA-0E16-6212-F535-4A82F5069A17}.Release|Any CPU.ActiveCfg = Release|Any CPU
		{18145AAA-0E16-6212-F535-4A82F5069A17}.Release|Any CPU.Build.0 = Release|Any CPU
		{C2196593-1C13-50DC-5C68-2C3B3193BB38}.Debug|Any CPU.ActiveCfg = Debug|Any CPU
		{C2196593-1C13-50DC-5C68-2C3B3193BB38}.Debug|Any CPU.Build.0 = Debug|Any CPU
		{C2196593-1C13-50DC-5C68-2C3B3193BB38}.Release|Any CPU.ActiveCfg = Release|Any CPU
		{C2196593-1C13-50DC-5C68-2C3B3193BB38}.Release|Any CPU.Build.0 = Release|Any CPU
	EndGlobalSection
	GlobalSection(SolutionProperties) = preSolution
		HideSolutionNode = FALSE
	EndGlobalSection
	GlobalSection(NestedProjects) = preSolution
		{0FA75A5B-AB83-4FD0-B545-279774C01E87} = {AFAA0841-BD93-466F-B8F4-FB4EEC86F1FC}
		{3870C648-4AEA-4B85-BA3F-F2F63B96136A} = {AFAA0841-BD93-466F-B8F4-FB4EEC86F1FC}
		{0D4C5D00-C144-4213-A007-4B8944113AB1} = {F10AA149-2626-486E-85BB-9CD5365F3016}
		{38E184BD-E874-4633-A947-AED4FDB73F40} = {AFAA0841-BD93-466F-B8F4-FB4EEC86F1FC}
		{22CFE0D2-8DCA-42D7-AD7D-784C3862493F} = {AFAA0841-BD93-466F-B8F4-FB4EEC86F1FC}
		{684B7DB0-1CE1-4FEE-870A-E7B2A0B1F15E} = {AFAA0841-BD93-466F-B8F4-FB4EEC86F1FC}
		{9088F6F3-47EB-4C10-813D-EA6161796380} = {AFAA0841-BD93-466F-B8F4-FB4EEC86F1FC}
		{2B80EFED-CB47-4EDC-976E-F764C63C0F6C} = {AFAA0841-BD93-466F-B8F4-FB4EEC86F1FC}
		{2062CE98-BD69-406F-B7FB-027EB9340E9B} = {AFAA0841-BD93-466F-B8F4-FB4EEC86F1FC}
		{18CA4C5D-DFA1-420B-A379-50D7A74A71BA} = {2062CE98-BD69-406F-B7FB-027EB9340E9B}
		{CC013418-4BDE-4D1D-93C9-7065C865838C} = {AFAA0841-BD93-466F-B8F4-FB4EEC86F1FC}
		{835F8022-4918-4BD9-83EB-A4C6EACBF942} = {AFAA0841-BD93-466F-B8F4-FB4EEC86F1FC}
		{26E40397-1D7F-4C4C-846C-3F3B46408054} = {AFAA0841-BD93-466F-B8F4-FB4EEC86F1FC}
		{6A20EB25-A7AC-45D4-8965-67EB190F862A} = {AFAA0841-BD93-466F-B8F4-FB4EEC86F1FC}
		{9B1081F8-9C48-4F2B-9944-E8B2BC231461} = {AFAA0841-BD93-466F-B8F4-FB4EEC86F1FC}
		{5CD8D75B-DDF6-444D-81A8-92346BB65B86} = {AFAA0841-BD93-466F-B8F4-FB4EEC86F1FC}
		{2A550F70-7843-4188-BD57-C994E0D27DA2} = {AFAA0841-BD93-466F-B8F4-FB4EEC86F1FC}
		{ADC60E62-AAD0-44A0-87DC-126170557958} = {AFAA0841-BD93-466F-B8F4-FB4EEC86F1FC}
		{97D1FF0C-72EF-4C45-93B3-C169BCD654FA} = {AFAA0841-BD93-466F-B8F4-FB4EEC86F1FC}
		{588EA4DF-22E2-64C6-2DD1-6E8ADEDCBF1B} = {02EA681E-C7D8-13C7-8484-4AC65E1B71E8}
		{05DC5A74-CCC2-3A28-008A-F69B34CF66E5} = {02EA681E-C7D8-13C7-8484-4AC65E1B71E8}
		{18145AAA-0E16-6212-F535-4A82F5069A17} = {02EA681E-C7D8-13C7-8484-4AC65E1B71E8}
		{C2196593-1C13-50DC-5C68-2C3B3193BB38} = {02EA681E-C7D8-13C7-8484-4AC65E1B71E8}
	EndGlobalSection
	GlobalSection(ExtensibilityGlobals) = postSolution
		SolutionGuid = {95ED23F3-8DEA-456E-A44B-87A161CB696A}
	EndGlobalSection
EndGlobal
